
Microsoft Visual Studio Solution File, Format Version 12.00
# Visual Studio 15
VisualStudioVersion = 15.0.27130.2010
MinimumVisualStudioVersion = 10.0.40219.1
Project("{8BC9CEB8-8B4A-11D0-8D11-00A0C91BC942}") = "Homework002", "Homework002\Homework002.vcxproj", "{F6FB02FE-81CD-4553-8ADB-7299BBE0F4C5}"
EndProject
Global
	GlobalSection(SolutionConfigurationPlatforms) = preSolution
		Debug|x64 = Debug|x64
		Debug|x86 = Debug|x86
		Release|x64 = Release|x64
		Release|x86 = Release|x86
	EndGlobalSection
	GlobalSection(ProjectConfigurationPlatforms) = postSolution
		{F6FB02FE-81CD-4553-8ADB-7299BBE0F4C5}.Debug|x64.ActiveCfg = Debug|x64
		{F6FB02FE-81CD-4553-8ADB-7299BBE0F4C5}.Debug|x64.Build.0 = Debug|x64
		{F6FB02FE-81CD-4553-8ADB-7299BBE0F4C5}.Debug|x86.ActiveCfg = Debug|Win32
		{F6FB02FE-81CD-4553-8ADB-7299BBE0F4C5}.Debug|x86.Build.0 = Debug|Win32
		{F6FB02FE-81CD-4553-8ADB-7299BBE0F4C5}.Release|x64.ActiveCfg = Release|x64
		{F6FB02FE-81CD-4553-8ADB-7299BBE0F4C5}.Release|x64.Build.0 = Release|x64
		{F6FB02FE-81CD-4553-8ADB-7299BBE0F4C5}.Release|x86.ActiveCfg = Release|Win32
		{F6FB02FE-81CD-4553-8ADB-7299BBE0F4C5}.Release|x86.Build.0 = Release|Win32
	EndGlobalSection
	GlobalSection(SolutionProperties) = preSolution
		HideSolutionNode = FALSE
	EndGlobalSection
	GlobalSection(ExtensibilityGlobals) = postSolution
		SolutionGuid = {84BDD8DF-4F75-4E01-A5A6-C4E49B0FD1BE}
	EndGlobalSection
EndGlobal
