
Microsoft Visual Studio Solution File, Format Version 12.00
# Visual Studio 15
VisualStudioVersion = 15.0.27130.2010
MinimumVisualStudioVersion = 10.0.40219.1
Project("{8BC9CEB8-8B4A-11D0-8D11-00A0C91BC942}") = "ProgramTest_10.6", "ProgramTest_10.6\ProgramTest_10.6.vcxproj", "{48883CE6-12B2-4172-A74D-A2908D941862}"
EndProject
Global
	GlobalSection(SolutionConfigurationPlatforms) = preSolution
		Debug|x64 = Debug|x64
		Debug|x86 = Debug|x86
		Release|x64 = Release|x64
		Release|x86 = Release|x86
	EndGlobalSection
	GlobalSection(ProjectConfigurationPlatforms) = postSolution
		{48883CE6-12B2-4172-A74D-A2908D941862}.Debug|x64.ActiveCfg = Debug|x64
		{48883CE6-12B2-4172-A74D-A2908D941862}.Debug|x64.Build.0 = Debug|x64
		{48883CE6-12B2-4172-A74D-A2908D941862}.Debug|x86.ActiveCfg = Debug|Win32
		{48883CE6-12B2-4172-A74D-A2908D941862}.Debug|x86.Build.0 = Debug|Win32
		{48883CE6-12B2-4172-A74D-A2908D941862}.Release|x64.ActiveCfg = Release|x64
		{48883CE6-12B2-4172-A74D-A2908D941862}.Release|x64.Build.0 = Release|x64
		{48883CE6-12B2-4172-A74D-A2908D941862}.Release|x86.ActiveCfg = Release|Win32
		{48883CE6-12B2-4172-A74D-A2908D941862}.Release|x86.Build.0 = Release|Win32
	EndGlobalSection
	GlobalSection(SolutionProperties) = preSolution
		HideSolutionNode = FALSE
	EndGlobalSection
	GlobalSection(ExtensibilityGlobals) = postSolution
		SolutionGuid = {F5F3D1B6-11A5-4802-A197-DC2E89B079F9}
	EndGlobalSection
EndGlobal
